
Microsoft Visual Studio Solution File, Format Version 12.00
# Visual Studio Version 17
VisualStudioVersion = 17.10.34928.147
MinimumVisualStudioVersion = 10.0.40219.1
Project("{FAE04EC0-301F-11D3-BF4B-00C04F79EFBC}") = "Practic06.11.2024", "Practic06.11.2024\Practic06.11.2024.csproj", "{76820EE0-105A-49A5-B56D-F0FE75A1BA32}"
EndProject
Global
	GlobalSection(SolutionConfigurationPlatforms) = preSolution
		Debug|Any CPU = Debug|Any CPU
		Release|Any CPU = Release|Any CPU
	EndGlobalSection
	GlobalSection(ProjectConfigurationPlatforms) = postSolution
		{76820EE0-105A-49A5-B56D-F0FE75A1BA32}.Debug|Any CPU.ActiveCfg = Debug|Any CPU
		{76820EE0-105A-49A5-B56D-F0FE75A1BA32}.Debug|Any CPU.Build.0 = Debug|Any CPU
		{76820EE0-105A-49A5-B56D-F0FE75A1BA32}.Release|Any CPU.ActiveCfg = Release|Any CPU
		{76820EE0-105A-49A5-B56D-F0FE75A1BA32}.Release|Any CPU.Build.0 = Release|Any CPU
	EndGlobalSection
	GlobalSection(SolutionProperties) = preSolution
		HideSolutionNode = FALSE
	EndGlobalSection
	GlobalSection(ExtensibilityGlobals) = postSolution
		SolutionGuid = {7614CEB4-91BB-4759-AC9A-F71C2CADBE01}
	EndGlobalSection
EndGlobal
